
Microsoft Visual Studio Solution File, Format Version 12.00
# Visual Studio Version 16
VisualStudioVersion = 16.0.31515.178
MinimumVisualStudioVersion = 10.0.40219.1
Project("{FAE04EC0-301F-11D3-BF4B-00C04F79EFBC}") = "JiraWorkaround", "JiraWorkaround\JiraWorkaround.csproj", "{C53AEC9E-728C-4C9B-BFAC-4A47C2208FCB}"
EndProject
Global
	GlobalSection(SolutionConfigurationPlatforms) = preSolution
		Debug|Any CPU = Debug|Any CPU
		Release|Any CPU = Release|Any CPU
	EndGlobalSection
	GlobalSection(ProjectConfigurationPlatforms) = postSolution
		{C53AEC9E-728C-4C9B-BFAC-4A47C2208FCB}.Debug|Any CPU.ActiveCfg = Debug|Any CPU
		{C53AEC9E-728C-4C9B-BFAC-4A47C2208FCB}.Debug|Any CPU.Build.0 = Debug|Any CPU
		{C53AEC9E-728C-4C9B-BFAC-4A47C2208FCB}.Release|Any CPU.ActiveCfg = Release|Any CPU
		{C53AEC9E-728C-4C9B-BFAC-4A47C2208FCB}.Release|Any CPU.Build.0 = Release|Any CPU
	EndGlobalSection
	GlobalSection(SolutionProperties) = preSolution
		HideSolutionNode = FALSE
	EndGlobalSection
	GlobalSection(ExtensibilityGlobals) = postSolution
		SolutionGuid = {953DD898-BDC5-403A-A9EF-3F7ABA9D8B93}
	EndGlobalSection
EndGlobal
